
Microsoft Visual Studio Solution File, Format Version 12.00
# Visual Studio Version 16
VisualStudioVersion = 16.0.31025.218
MinimumVisualStudioVersion = 10.0.40219.1
Project("{9A19103F-16F7-4668-BE54-9A1E7A4F7556}") = "Scrapionize", "Scrapionize\Scrapionize.csproj", "{2DDE5570-EDA9-4054-894E-E0892AB61669}"
EndProject
Project("{2150E333-8FDC-42A3-9474-1A3956D46DE8}") = "Tests", "Tests", "{D23932B9-52A9-4CC2-8296-DC7CE8F5B9B8}"
EndProject
Project("{9A19103F-16F7-4668-BE54-9A1E7A4F7556}") = "Tests", "Tests\Tests.csproj", "{E33A6F72-7E80-4918-9D29-088A6706B79B}"
EndProject
Global
	GlobalSection(SolutionConfigurationPlatforms) = preSolution
		Debug|Any CPU = Debug|Any CPU
		Release|Any CPU = Release|Any CPU
	EndGlobalSection
	GlobalSection(ProjectConfigurationPlatforms) = postSolution
		{2DDE5570-EDA9-4054-894E-E0892AB61669}.Debug|Any CPU.ActiveCfg = Debug|Any CPU
		{2DDE5570-EDA9-4054-894E-E0892AB61669}.Debug|Any CPU.Build.0 = Debug|Any CPU
		{2DDE5570-EDA9-4054-894E-E0892AB61669}.Release|Any CPU.ActiveCfg = Release|Any CPU
		{2DDE5570-EDA9-4054-894E-E0892AB61669}.Release|Any CPU.Build.0 = Release|Any CPU
		{E33A6F72-7E80-4918-9D29-088A6706B79B}.Debug|Any CPU.ActiveCfg = Debug|Any CPU
		{E33A6F72-7E80-4918-9D29-088A6706B79B}.Debug|Any CPU.Build.0 = Debug|Any CPU
		{E33A6F72-7E80-4918-9D29-088A6706B79B}.Release|Any CPU.ActiveCfg = Release|Any CPU
		{E33A6F72-7E80-4918-9D29-088A6706B79B}.Release|Any CPU.Build.0 = Release|Any CPU
	EndGlobalSection
	GlobalSection(SolutionProperties) = preSolution
		HideSolutionNode = FALSE
	EndGlobalSection
	GlobalSection(NestedProjects) = preSolution
		{E33A6F72-7E80-4918-9D29-088A6706B79B} = {D23932B9-52A9-4CC2-8296-DC7CE8F5B9B8}
	EndGlobalSection
	GlobalSection(ExtensibilityGlobals) = postSolution
		SolutionGuid = {D788E5D2-A398-4FDF-8D58-8B0C9097C66E}
	EndGlobalSection
EndGlobal
